# This file is generated by running "yarn install" inside your project.
# Manual changes might be lost - proceed with caution!

__metadata:
  version: 6
  cacheKey: 8

"@miragejs/pretender-node-polyfill@npm:^0.1.0":
  version: 0.1.2
  resolution: "@miragejs/pretender-node-polyfill@npm:0.1.2"
  checksum: bb55983a253dc0d4162acac090b062500595c9844bfbd21fe25bc1f926808d0070d710e622aa6285fa16c673a65cf3e05f4b32e888c469f1bde8888a7934ee44
  languageName: node
  linkType: hard

"cryostatio-demo@workspace:.":
  version: 0.0.0-use.local
  resolution: "cryostatio-demo@workspace:."
  dependencies:
    miragejs: ^0.1.47
    prettier: ^2.8.8
  languageName: unknown
  linkType: soft

"fake-xml-http-request@npm:^2.1.2":
  version: 2.1.2
  resolution: "fake-xml-http-request@npm:2.1.2"
  checksum: 7b1ebea1955c46cbda0e0c3308716cc82beca7bb6c549f1d1c2a8134203c9d6c5a21194e2c1e17650ff073ecbcd3e56cf1e21f248a86cbcb3567fd7a9ca4850e
  languageName: node
  linkType: hard

"inflected@npm:^2.0.4":
  version: 2.1.0
  resolution: "inflected@npm:2.1.0"
  checksum: 1e3fb2d24ec6c774977dd5ed884c6097b6525f66edecfdca0845ab4023d35f02af1057de50cd69cdc5829d0bd5ba69fd7fb41d4d8abdf85ee243bf2bbf65995d
  languageName: node
  linkType: hard

"lodash.assign@npm:^4.2.0":
  version: 4.2.0
  resolution: "lodash.assign@npm:4.2.0"
  checksum: 75bbc6733c9f577c448031b4051f990f068802708891f94be9d4c2faffd6a9ec67a2c49671dafc908a068d35687765464853282842b4560b662e6c903d11cc90
  languageName: node
  linkType: hard

"lodash.camelcase@npm:^4.3.0":
  version: 4.3.0
  resolution: "lodash.camelcase@npm:4.3.0"
  checksum: cb9227612f71b83e42de93eccf1232feeb25e705bdb19ba26c04f91e885bfd3dd5c517c4a97137658190581d3493ea3973072ca010aab7e301046d90740393d1
  languageName: node
  linkType: hard

"lodash.clonedeep@npm:^4.5.0":
  version: 4.5.0
  resolution: "lodash.clonedeep@npm:4.5.0"
  checksum: 92c46f094b064e876a23c97f57f81fbffd5d760bf2d8a1c61d85db6d1e488c66b0384c943abee4f6af7debf5ad4e4282e74ff83177c9e63d8ff081a4837c3489
  languageName: node
  linkType: hard

"lodash.compact@npm:^3.0.1":
  version: 3.0.1
  resolution: "lodash.compact@npm:3.0.1"
  checksum: 75039eddfa5ef2ea0da1fc3d36515e92227241f94258b3dcf771196e741c878698ce5b79c0cb7fe758841c9dfd0e6fa222888985aadc0384fd79bbc9680dd829
  languageName: node
  linkType: hard

"lodash.find@npm:^4.6.0":
  version: 4.6.0
  resolution: "lodash.find@npm:4.6.0"
  checksum: b737f849a4fe36f5c3664ea636780dda2fde18335021faf80cdfdcb300ed75441da6f55cfd6de119092d8bb2ddbc4433f4a8de4b99c0b9c8640465b0901c717c
  languageName: node
  linkType: hard

"lodash.flatten@npm:^4.4.0":
  version: 4.4.0
  resolution: "lodash.flatten@npm:4.4.0"
  checksum: 0ac34a393d4b795d4b7421153d27c13ae67e08786c9cbb60ff5b732210d46f833598eee3fb3844bb10070e8488efe390ea53bb567377e0cb47e9e630bf0811cb
  languageName: node
  linkType: hard

"lodash.forin@npm:^4.4.0":
  version: 4.4.0
  resolution: "lodash.forin@npm:4.4.0"
  checksum: c9c8e6c3204029fe0610efb8c74113b00a3d5a92b1d8defbf3f5cbc2d0f7663c680dff62e2950ed9406bb6d06e882fa39568c607bc44229d53fd93a9fd6c07b7
  languageName: node
  linkType: hard

"lodash.get@npm:^4.4.2":
  version: 4.4.2
  resolution: "lodash.get@npm:4.4.2"
  checksum: e403047ddb03181c9d0e92df9556570e2b67e0f0a930fcbbbd779370972368f5568e914f913e93f3b08f6d492abc71e14d4e9b7a18916c31fa04bd2306efe545
  languageName: node
  linkType: hard

"lodash.has@npm:^4.5.2":
  version: 4.5.2
  resolution: "lodash.has@npm:4.5.2"
  checksum: b3ec829a86852331d48b3730ff06088a283d128a3965aa521ffd942bcf5c82e06bed3164ff7a7751d11e768d88f0d7bab316192091489caf20f452d42f7055d5
  languageName: node
  linkType: hard

"lodash.invokemap@npm:^4.6.0":
  version: 4.6.0
  resolution: "lodash.invokemap@npm:4.6.0"
  checksum: 646ceebbefbcb6da301f8c2868254680fd0bcdc6ada470495d9ae49c9c32938829c1b38a38c95d0258409a9655f85db404b16e648381c7450b7ed3d9c52d8808
  languageName: node
  linkType: hard

"lodash.isempty@npm:^4.4.0":
  version: 4.4.0
  resolution: "lodash.isempty@npm:4.4.0"
  checksum: a8118f23f7ed72a1dbd176bf27f297d1e71aa1926288449cb8f7cef99ba1bc7527eab52fe7899ab080fa1dc150aba6e4a6367bf49fa4e0b78da1ecc095f8d8c5
  languageName: node
  linkType: hard

"lodash.isequal@npm:^4.5.0":
  version: 4.5.0
  resolution: "lodash.isequal@npm:4.5.0"
  checksum: da27515dc5230eb1140ba65ff8de3613649620e8656b19a6270afe4866b7bd461d9ba2ac8a48dcc57f7adac4ee80e1de9f965d89d4d81a0ad52bb3eec2609644
  languageName: node
  linkType: hard

"lodash.isfunction@npm:^3.0.9":
  version: 3.0.9
  resolution: "lodash.isfunction@npm:3.0.9"
  checksum: 99e54c34b1e8a9ba75c034deb39cedbd2aca7af685815e67a2a8ec4f73ec9748cda6ebee5a07d7de4b938e90d421fd280e9c385cc190f903ac217ac8aff30314
  languageName: node
  linkType: hard

"lodash.isinteger@npm:^4.0.4":
  version: 4.0.4
  resolution: "lodash.isinteger@npm:4.0.4"
  checksum: 6034821b3fc61a2ffc34e7d5644bb50c5fd8f1c0121c554c21ac271911ee0c0502274852845005f8651d51e199ee2e0cfebfe40aaa49c7fe617f603a8a0b1691
  languageName: node
  linkType: hard

"lodash.isplainobject@npm:^4.0.6":
  version: 4.0.6
  resolution: "lodash.isplainobject@npm:4.0.6"
  checksum: 29c6351f281e0d9a1d58f1a4c8f4400924b4c79f18dfc4613624d7d54784df07efaff97c1ff2659f3e085ecf4fff493300adc4837553104cef2634110b0d5337
  languageName: node
  linkType: hard

"lodash.lowerfirst@npm:^4.3.1":
  version: 4.3.1
  resolution: "lodash.lowerfirst@npm:4.3.1"
  checksum: e1688e18873777d394db4994d150dfc14cf01bf450169cf8296af4d84ecd7c3c4ae4dab3746f77f8719a093e4fff58bee3ae73ae7e23ef508b7d970b189d9952
  languageName: node
  linkType: hard

"lodash.map@npm:^4.6.0":
  version: 4.6.0
  resolution: "lodash.map@npm:4.6.0"
  checksum: 7369a41d7d24d15ce3bbd02a7faa3a90f6266c38184e64932571b9b21b758bd10c04ffd117d1859be1a44156f29b94df5045eff172bf8a97fddf68bf1002d12f
  languageName: node
  linkType: hard

"lodash.mapvalues@npm:^4.6.0":
  version: 4.6.0
  resolution: "lodash.mapvalues@npm:4.6.0"
  checksum: 0ff1b252fda318fc36e47c296984925e98fbb0fc5a2ecc4ef458f3c739a9476d47e40c95ac653e8314d132aa59c746d4276527b99d6e271940555c6e12d2babd
  languageName: node
  linkType: hard

"lodash.pick@npm:^4.4.0":
  version: 4.4.0
  resolution: "lodash.pick@npm:4.4.0"
  checksum: 2c36cab7da6b999a20bd3373b40e31a3ef81fa264f34a6979c852c5bc8ac039379686b27380f0cb8e3781610844fafec6949c6fbbebc059c98f8fa8570e3675f
  languageName: node
  linkType: hard

"lodash.snakecase@npm:^4.1.1":
  version: 4.1.1
  resolution: "lodash.snakecase@npm:4.1.1"
  checksum: 1685ed3e83dda6eae5a4dcaee161a51cd210aabb3e1c09c57150e7dd8feda19e4ca0d27d0631eabe8d0f4eaa51e376da64e8c018ae5415417c5890d42feb72a8
  languageName: node
  linkType: hard

"lodash.uniq@npm:^4.5.0":
  version: 4.5.0
  resolution: "lodash.uniq@npm:4.5.0"
  checksum: a4779b57a8d0f3c441af13d9afe7ecff22dd1b8ce1129849f71d9bbc8e8ee4e46dfb4b7c28f7ad3d67481edd6e51126e4e2a6ee276e25906d10f7140187c392d
  languageName: node
  linkType: hard

"lodash.uniqby@npm:^4.7.0":
  version: 4.7.0
  resolution: "lodash.uniqby@npm:4.7.0"
  checksum: 659264545a95726d1493123345aad8cbf56e17810fa9a0b029852c6d42bc80517696af09d99b23bef1845d10d95e01b8b4a1da578f22aeba7a30d3e0022a4938
  languageName: node
  linkType: hard

"lodash.values@npm:^4.3.0":
  version: 4.3.0
  resolution: "lodash.values@npm:4.3.0"
  checksum: 857e122ddf6edb50137887f0b834d471f96d66692ebb5de8b048ed277c8a3dd1bc8f85d82cf31b0f5c6dbc5b72c036a591205f76eec86bb11818a1a6f7e5a28c
  languageName: node
  linkType: hard

"miragejs@npm:^0.1.47":
  version: 0.1.47
  resolution: "miragejs@npm:0.1.47"
  dependencies:
    "@miragejs/pretender-node-polyfill": ^0.1.0
    inflected: ^2.0.4
    lodash.assign: ^4.2.0
    lodash.camelcase: ^4.3.0
    lodash.clonedeep: ^4.5.0
    lodash.compact: ^3.0.1
    lodash.find: ^4.6.0
    lodash.flatten: ^4.4.0
    lodash.forin: ^4.4.0
    lodash.get: ^4.4.2
    lodash.has: ^4.5.2
    lodash.invokemap: ^4.6.0
    lodash.isempty: ^4.4.0
    lodash.isequal: ^4.5.0
    lodash.isfunction: ^3.0.9
    lodash.isinteger: ^4.0.4
    lodash.isplainobject: ^4.0.6
    lodash.lowerfirst: ^4.3.1
    lodash.map: ^4.6.0
    lodash.mapvalues: ^4.6.0
    lodash.pick: ^4.4.0
    lodash.snakecase: ^4.1.1
    lodash.uniq: ^4.5.0
    lodash.uniqby: ^4.7.0
    lodash.values: ^4.3.0
    pretender: ^3.4.7
  checksum: b50cd640c07bdd2a05df20c5113685818c3c6c63a00af2b9ac59f7ba3bd1da4e2fbe5a9cf11ca7c635c4b2e66d5585704f1dae2d48d06096b9d58d0c57ebf087
  languageName: node
  linkType: hard

"pretender@npm:^3.4.7":
  version: 3.4.7
  resolution: "pretender@npm:3.4.7"
  dependencies:
    fake-xml-http-request: ^2.1.2
    route-recognizer: ^0.3.3
  checksum: ca767dfa3fdb5e49cec8f272de1c7d489f53986a9f58dd0caf379b6365b1f1241bbb03bea6fe4421ce3e2aaa894d6c7349a5ef603283710be2babca49f1ad6fb
  languageName: node
  linkType: hard

"prettier@npm:^2.8.8":
  version: 2.8.8
  resolution: "prettier@npm:2.8.8"
  bin:
    prettier: bin-prettier.js
  checksum: b49e409431bf129dd89238d64299ba80717b57ff5a6d1c1a8b1a28b590d998a34e083fa13573bc732bb8d2305becb4c9a4407f8486c81fa7d55100eb08263cf8
  languageName: node
  linkType: hard

"route-recognizer@npm:^0.3.3":
  version: 0.3.4
  resolution: "route-recognizer@npm:0.3.4"
  checksum: 9586704491b26716eba1bdbb4a386893ecaab80c6dbf34e394957063b941ebf336ca09222f0892c9d118c609fa9b972d6e73e454abd4382acdc34dbb878e87f2
  languageName: node
  linkType: hard
